
Microsoft Visual Studio Solution File, Format Version 12.00
# Visual Studio Version 17
VisualStudioVersion = 17.2.32602.215
MinimumVisualStudioVersion = 10.0.40219.1
Project("{FAE04EC0-301F-11D3-BF4B-00C04F79EFBC}") = "Kennel", "Kennel\Kennel.csproj", "{2F2C510D-672E-4FE6-A897-D45D9BA633C6}"
EndProject
Global
	GlobalSection(SolutionConfigurationPlatforms) = preSolution
		Debug|Any CPU = Debug|Any CPU
		Release|Any CPU = Release|Any CPU
	EndGlobalSection
	GlobalSection(ProjectConfigurationPlatforms) = postSolution
		{2F2C510D-672E-4FE6-A897-D45D9BA633C6}.Debug|Any CPU.ActiveCfg = Debug|Any CPU
		{2F2C510D-672E-4FE6-A897-D45D9BA633C6}.Debug|Any CPU.Build.0 = Debug|Any CPU
		{2F2C510D-672E-4FE6-A897-D45D9BA633C6}.Release|Any CPU.ActiveCfg = Release|Any CPU
		{2F2C510D-672E-4FE6-A897-D45D9BA633C6}.Release|Any CPU.Build.0 = Release|Any CPU
	EndGlobalSection
	GlobalSection(SolutionProperties) = preSolution
		HideSolutionNode = FALSE
	EndGlobalSection
	GlobalSection(ExtensibilityGlobals) = postSolution
		SolutionGuid = {A1084433-9D83-4CE0-810F-9729423C57B2}
	EndGlobalSection
EndGlobal
